// !$*UTF8*$!
{
	archiveVersion = 1;
	classes = {
	};
	objectVersion = 55;
	objects = {

/* Begin PBXBuildFile section */
		C75BC0B627BFDC280016E8D5 /* TitleCollectionViewCell.swift in Sources */ = {isa = PBXBuildFile; fileRef = C75BC0B527BFDC280016E8D5 /* TitleCollectionViewCell.swift */; };
		C75BC0B927BFDF630016E8D5 /* SDWebImage in Frameworks */ = {isa = PBXBuildFile; productRef = C75BC0B827BFDF630016E8D5 /* SDWebImage */; };
		C75BC0BB27BFDF630016E8D5 /* SDWebImageMapKit in Frameworks */ = {isa = PBXBuildFile; productRef = C75BC0BA27BFDF630016E8D5 /* SDWebImageMapKit */; };
		C75BC0BD27BFED310016E8D5 /* TitleTableViewCell.swift in Sources */ = {isa = PBXBuildFile; fileRef = C75BC0BC27BFED310016E8D5 /* TitleTableViewCell.swift */; };
		C75BC0BF27BFF46A0016E8D5 /* TitleViewModel.swift in Sources */ = {isa = PBXBuildFile; fileRef = C75BC0BE27BFF46A0016E8D5 /* TitleViewModel.swift */; };
		C7AA1A9A27C1079900031BBD /* SearchResultsViewController.swift in Sources */ = {isa = PBXBuildFile; fileRef = C7AA1A9927C1079900031BBD /* SearchResultsViewController.swift */; };
		C7AA1A9E27C11F0300031BBD /* YoutubeSearchResponse.swift in Sources */ = {isa = PBXBuildFile; fileRef = C7AA1A9D27C11F0300031BBD /* YoutubeSearchResponse.swift */; };
		C7AA1AA027C1261600031BBD /* TitlePreviewViewController.swift in Sources */ = {isa = PBXBuildFile; fileRef = C7AA1A9F27C1261600031BBD /* TitlePreviewViewController.swift */; };
		C7AA1AA227C12D8900031BBD /* TitlePreviewViewModel.swift in Sources */ = {isa = PBXBuildFile; fileRef = C7AA1AA127C12D8900031BBD /* TitlePreviewViewModel.swift */; };
		C7ADDF1527BE5B6200E0328D /* AppDelegate.swift in Sources */ = {isa = PBXBuildFile; fileRef = C7ADDF1427BE5B6200E0328D /* AppDelegate.swift */; };
		C7ADDF1727BE5B6200E0328D /* SceneDelegate.swift in Sources */ = {isa = PBXBuildFile; fileRef = C7ADDF1627BE5B6200E0328D /* SceneDelegate.swift */; };
		C7ADDF1927BE5B6200E0328D /* MainTabViewController.swift in Sources */ = {isa = PBXBuildFile; fileRef = C7ADDF1827BE5B6200E0328D /* MainTabViewController.swift */; };
		C7ADDF1E27BE5B6300E0328D /* Assets.xcassets in Resources */ = {isa = PBXBuildFile; fileRef = C7ADDF1D27BE5B6300E0328D /* Assets.xcassets */; };
		C7ADDF2127BE5B6300E0328D /* LaunchScreen.storyboard in Resources */ = {isa = PBXBuildFile; fileRef = C7ADDF1F27BE5B6300E0328D /* LaunchScreen.storyboard */; };
		C7ADDF2A27BE5CB400E0328D /* HomeViewController.swift in Sources */ = {isa = PBXBuildFile; fileRef = C7ADDF2927BE5CB300E0328D /* HomeViewController.swift */; };
		C7ADDF2C27BE5CCD00E0328D /* UpcomingViewController.swift in Sources */ = {isa = PBXBuildFile; fileRef = C7ADDF2B27BE5CCD00E0328D /* UpcomingViewController.swift */; };
		C7ADDF2E27BE5CE300E0328D /* SearchViewController.swift in Sources */ = {isa = PBXBuildFile; fileRef = C7ADDF2D27BE5CE300E0328D /* SearchViewController.swift */; };
		C7ADDF3027BE5CFC00E0328D /* DownloadsViewController.swift in Sources */ = {isa = PBXBuildFile; fileRef = C7ADDF2F27BE5CFC00E0328D /* DownloadsViewController.swift */; };
		C7ADDF3727BE619F00E0328D /* CollectionTableViewCell.swift in Sources */ = {isa = PBXBuildFile; fileRef = C7ADDF3627BE619F00E0328D /* CollectionTableViewCell.swift */; };
		C7ADDF3927BE67C000E0328D /* HeroHeaderUIView.swift in Sources */ = {isa = PBXBuildFile; fileRef = C7ADDF3827BE67C000E0328D /* HeroHeaderUIView.swift */; };
		C7ADDF3B27BE829A00E0328D /* APICaller.swift in Sources */ = {isa = PBXBuildFile; fileRef = C7ADDF3A27BE829A00E0328D /* APICaller.swift */; };
		C7ADDF3D27BE86F100E0328D /* Title.swift in Sources */ = {isa = PBXBuildFile; fileRef = C7ADDF3C27BE86F100E0328D /* Title.swift */; };
		C7ADDF3F27BE8E6A00E0328D /* Extensions.swift in Sources */ = {isa = PBXBuildFile; fileRef = C7ADDF3E27BE8E6A00E0328D /* Extensions.swift */; };
		C7ADDF4127BE914100E0328D /* TV.swift in Sources */ = {isa = PBXBuildFile; fileRef = C7ADDF4027BE914100E0328D /* TV.swift */; };
/* End PBXBuildFile section */

/* Begin PBXFileReference section */
		C75BC0B527BFDC280016E8D5 /* TitleCollectionViewCell.swift */ = {isa = PBXFileReference; lastKnownFileType = sourcecode.swift; path = TitleCollectionViewCell.swift; sourceTree = "<group>"; };
		C75BC0BC27BFED310016E8D5 /* TitleTableViewCell.swift */ = {isa = PBXFileReference; lastKnownFileType = sourcecode.swift; path = TitleTableViewCell.swift; sourceTree = "<group>"; };
		C75BC0BE27BFF46A0016E8D5 /* TitleViewModel.swift */ = {isa = PBXFileReference; lastKnownFileType = sourcecode.swift; path = TitleViewModel.swift; sourceTree = "<group>"; };
		C7AA1A9927C1079900031BBD /* SearchResultsViewController.swift */ = {isa = PBXFileReference; lastKnownFileType = sourcecode.swift; path = SearchResultsViewController.swift; sourceTree = "<group>"; };
		C7AA1A9D27C11F0300031BBD /* YoutubeSearchResponse.swift */ = {isa = PBXFileReference; lastKnownFileType = sourcecode.swift; path = YoutubeSearchResponse.swift; sourceTree = "<group>"; };
		C7AA1A9F27C1261600031BBD /* TitlePreviewViewController.swift */ = {isa = PBXFileReference; lastKnownFileType = sourcecode.swift; path = TitlePreviewViewController.swift; sourceTree = "<group>"; };
		C7AA1AA127C12D8900031BBD /* TitlePreviewViewModel.swift */ = {isa = PBXFileReference; lastKnownFileType = sourcecode.swift; path = TitlePreviewViewModel.swift; sourceTree = "<group>"; };
		C7ADDF1127BE5B6200E0328D /* NetflixClone.app */ = {isa = PBXFileReference; explicitFileType = wrapper.application; includeInIndex = 0; path = NetflixClone.app; sourceTree = BUILT_PRODUCTS_DIR; };
		C7ADDF1427BE5B6200E0328D /* AppDelegate.swift */ = {isa = PBXFileReference; lastKnownFileType = sourcecode.swift; path = AppDelegate.swift; sourceTree = "<group>"; };
		C7ADDF1627BE5B6200E0328D /* SceneDelegate.swift */ = {isa = PBXFileReference; lastKnownFileType = sourcecode.swift; path = SceneDelegate.swift; sourceTree = "<group>"; };
		C7ADDF1827BE5B6200E0328D /* MainTabViewController.swift */ = {isa = PBXFileReference; lastKnownFileType = sourcecode.swift; path = MainTabViewController.swift; sourceTree = "<group>"; };
		C7ADDF1D27BE5B6300E0328D /* Assets.xcassets */ = {isa = PBXFileReference; lastKnownFileType = folder.assetcatalog; path = Assets.xcassets; sourceTree = "<group>"; };
		C7ADDF2027BE5B6300E0328D /* Base */ = {isa = PBXFileReference; lastKnownFileType = file.storyboard; name = Base; path = Base.lproj/LaunchScreen.storyboard; sourceTree = "<group>"; };
		C7ADDF2227BE5B6300E0328D /* Info.plist */ = {isa = PBXFileReference; lastKnownFileType = text.plist.xml; path = Info.plist; sourceTree = "<group>"; };
		C7ADDF2927BE5CB300E0328D /* HomeViewController.swift */ = {isa = PBXFileReference; lastKnownFileType = sourcecode.swift; path = HomeViewController.swift; sourceTree = "<group>"; };
		C7ADDF2B27BE5CCD00E0328D /* UpcomingViewController.swift */ = {isa = PBXFileReference; lastKnownFileType = sourcecode.swift; path = UpcomingViewController.swift; sourceTree = "<group>"; };
		C7ADDF2D27BE5CE300E0328D /* SearchViewController.swift */ = {isa = PBXFileReference; lastKnownFileType = sourcecode.swift; path = SearchViewController.swift; sourceTree = "<group>"; };
		C7ADDF2F27BE5CFC00E0328D /* DownloadsViewController.swift */ = {isa = PBXFileReference; lastKnownFileType = sourcecode.swift; path = DownloadsViewController.swift; sourceTree = "<group>"; };
		C7ADDF3627BE619F00E0328D /* CollectionTableViewCell.swift */ = {isa = PBXFileReference; lastKnownFileType = sourcecode.swift; path = CollectionTableViewCell.swift; sourceTree = "<group>"; };
		C7ADDF3827BE67C000E0328D /* HeroHeaderUIView.swift */ = {isa = PBXFileReference; lastKnownFileType = sourcecode.swift; path = HeroHeaderUIView.swift; sourceTree = "<group>"; };
		C7ADDF3A27BE829A00E0328D /* APICaller.swift */ = {isa = PBXFileReference; lastKnownFileType = sourcecode.swift; path = APICaller.swift; sourceTree = "<group>"; };
		C7ADDF3C27BE86F100E0328D /* Title.swift */ = {isa = PBXFileReference; lastKnownFileType = sourcecode.swift; path = Title.swift; sourceTree = "<group>"; };
		C7ADDF3E27BE8E6A00E0328D /* Extensions.swift */ = {isa = PBXFileReference; lastKnownFileType = sourcecode.swift; path = Extensions.swift; sourceTree = "<group>"; };
		C7ADDF4027BE914100E0328D /* TV.swift */ = {isa = PBXFileReference; lastKnownFileType = sourcecode.swift; path = TV.swift; sourceTree = "<group>"; };
/* End PBXFileReference section */

/* Begin PBXFrameworksBuildPhase section */
		C7ADDF0E27BE5B6200E0328D /* Frameworks */ = {
			isa = PBXFrameworksBuildPhase;
			buildActionMask = 2147483647;
			files = (
				C75BC0BB27BFDF630016E8D5 /* SDWebImageMapKit in Frameworks */,
				C75BC0B927BFDF630016E8D5 /* SDWebImage in Frameworks */,
			);
			runOnlyForDeploymentPostprocessing = 0;
		};
/* End PBXFrameworksBuildPhase section */

/* Begin PBXGroup section */
		C7AA1A9B27C107C600031BBD /* Core */ = {
			isa = PBXGroup;
			children = (
				C7ADDF1827BE5B6200E0328D /* MainTabViewController.swift */,
				C7ADDF2927BE5CB300E0328D /* HomeViewController.swift */,
				C7ADDF2B27BE5CCD00E0328D /* UpcomingViewController.swift */,
				C7ADDF2D27BE5CE300E0328D /* SearchViewController.swift */,
				C7ADDF2F27BE5CFC00E0328D /* DownloadsViewController.swift */,
			);
			path = Core;
			sourceTree = "<group>";
		};
		C7AA1A9C27C107ED00031BBD /* General */ = {
			isa = PBXGroup;
			children = (
				C7AA1A9927C1079900031BBD /* SearchResultsViewController.swift */,
				C7AA1A9F27C1261600031BBD /* TitlePreviewViewController.swift */,
			);
			path = General;
			sourceTree = "<group>";
		};
		C7ADDF0827BE5B6200E0328D = {
			isa = PBXGroup;
			children = (
				C7ADDF1327BE5B6200E0328D /* NetflixClone */,
				C7ADDF1227BE5B6200E0328D /* Products */,
			);
			sourceTree = "<group>";
		};
		C7ADDF1227BE5B6200E0328D /* Products */ = {
			isa = PBXGroup;
			children = (
				C7ADDF1127BE5B6200E0328D /* NetflixClone.app */,
			);
			name = Products;
			sourceTree = "<group>";
		};
		C7ADDF1327BE5B6200E0328D /* NetflixClone */ = {
			isa = PBXGroup;
			children = (
				C7ADDF1427BE5B6200E0328D /* AppDelegate.swift */,
				C7ADDF1627BE5B6200E0328D /* SceneDelegate.swift */,
				C7ADDF3527BE613200E0328D /* Managers */,
				C7ADDF3427BE612B00E0328D /* Resources */,
				C7ADDF3327BE610800E0328D /* Model */,
				C7ADDF3227BE610300E0328D /* ViewModel */,
				C7ADDF3127BE60FE00E0328D /* Views */,
				C7ADDF2827BE5C9500E0328D /* Controllers */,
				C7ADDF1D27BE5B6300E0328D /* Assets.xcassets */,
				C7ADDF1F27BE5B6300E0328D /* LaunchScreen.storyboard */,
				C7ADDF2227BE5B6300E0328D /* Info.plist */,
			);
			path = NetflixClone;
			sourceTree = "<group>";
		};
		C7ADDF2827BE5C9500E0328D /* Controllers */ = {
			isa = PBXGroup;
			children = (
				C7AA1A9C27C107ED00031BBD /* General */,
				C7AA1A9B27C107C600031BBD /* Core */,
			);
			path = Controllers;
			sourceTree = "<group>";
		};
		C7ADDF3127BE60FE00E0328D /* Views */ = {
			isa = PBXGroup;
			children = (
				C7ADDF3627BE619F00E0328D /* CollectionTableViewCell.swift */,
				C7ADDF3827BE67C000E0328D /* HeroHeaderUIView.swift */,
				C75BC0B527BFDC280016E8D5 /* TitleCollectionViewCell.swift */,
				C75BC0BC27BFED310016E8D5 /* TitleTableViewCell.swift */,
			);
			path = Views;
			sourceTree = "<group>";
		};
		C7ADDF3227BE610300E0328D /* ViewModel */ = {
			isa = PBXGroup;
			children = (
				C75BC0BE27BFF46A0016E8D5 /* TitleViewModel.swift */,
				C7AA1AA127C12D8900031BBD /* TitlePreviewViewModel.swift */,
			);
			path = ViewModel;
			sourceTree = "<group>";
		};
		C7ADDF3327BE610800E0328D /* Model */ = {
			isa = PBXGroup;
			children = (
				C7ADDF3C27BE86F100E0328D /* Title.swift */,
				C7ADDF4027BE914100E0328D /* TV.swift */,
				C7AA1A9D27C11F0300031BBD /* YoutubeSearchResponse.swift */,
			);
			path = Model;
			sourceTree = "<group>";
		};
		C7ADDF3427BE612B00E0328D /* Resources */ = {
			isa = PBXGroup;
			children = (
				C7ADDF3E27BE8E6A00E0328D /* Extensions.swift */,
			);
			path = Resources;
			sourceTree = "<group>";
		};
		C7ADDF3527BE613200E0328D /* Managers */ = {
			isa = PBXGroup;
			children = (
				C7ADDF3A27BE829A00E0328D /* APICaller.swift */,
			);
			path = Managers;
			sourceTree = "<group>";
		};
/* End PBXGroup section */

/* Begin PBXNativeTarget section */
		C7ADDF1027BE5B6200E0328D /* NetflixClone */ = {
			isa = PBXNativeTarget;
			buildConfigurationList = C7ADDF2527BE5B6300E0328D /* Build configuration list for PBXNativeTarget "NetflixClone" */;
			buildPhases = (
				C7ADDF0D27BE5B6200E0328D /* Sources */,
				C7ADDF0E27BE5B6200E0328D /* Frameworks */,
				C7ADDF0F27BE5B6200E0328D /* Resources */,
			);
			buildRules = (
			);
			dependencies = (
			);
			name = NetflixClone;
			packageProductDependencies = (
				C75BC0B827BFDF630016E8D5 /* SDWebImage */,
				C75BC0BA27BFDF630016E8D5 /* SDWebImageMapKit */,
			);
			productName = NetflixClone;
			productReference = C7ADDF1127BE5B6200E0328D /* NetflixClone.app */;
			productType = "com.apple.product-type.application";
		};
/* End PBXNativeTarget section */

/* Begin PBXProject section */
		C7ADDF0927BE5B6200E0328D /* Project object */ = {
			isa = PBXProject;
			attributes = {
				BuildIndependentTargetsInParallel = 1;
				LastSwiftUpdateCheck = 1320;
				LastUpgradeCheck = 1320;
				TargetAttributes = {
					C7ADDF1027BE5B6200E0328D = {
						CreatedOnToolsVersion = 13.2.1;
					};
				};
			};
			buildConfigurationList = C7ADDF0C27BE5B6200E0328D /* Build configuration list for PBXProject "NetflixClone" */;
			compatibilityVersion = "Xcode 13.0";
			developmentRegion = en;
			hasScannedForEncodings = 0;
			knownRegions = (
				en,
				Base,
			);
			mainGroup = C7ADDF0827BE5B6200E0328D;
			packageReferences = (
				C75BC0B727BFDF630016E8D5 /* XCRemoteSwiftPackageReference "SDWebImage" */,
			);
			productRefGroup = C7ADDF1227BE5B6200E0328D /* Products */;
			projectDirPath = "";
			projectRoot = "";
			targets = (
				C7ADDF1027BE5B6200E0328D /* NetflixClone */,
			);
		};
/* End PBXProject section */

/* Begin PBXResourcesBuildPhase section */
		C7ADDF0F27BE5B6200E0328D /* Resources */ = {
			isa = PBXResourcesBuildPhase;
			buildActionMask = 2147483647;
			files = (
				C7ADDF2127BE5B6300E0328D /* LaunchScreen.storyboard in Resources */,
				C7ADDF1E27BE5B6300E0328D /* Assets.xcassets in Resources */,
			);
			runOnlyForDeploymentPostprocessing = 0;
		};
/* End PBXResourcesBuildPhase section */

/* Begin PBXSourcesBuildPhase section */
		C7ADDF0D27BE5B6200E0328D /* Sources */ = {
			isa = PBXSourcesBuildPhase;
			buildActionMask = 2147483647;
			files = (
				C7ADDF2E27BE5CE300E0328D /* SearchViewController.swift in Sources */,
				C7AA1A9A27C1079900031BBD /* SearchResultsViewController.swift in Sources */,
				C7ADDF4127BE914100E0328D /* TV.swift in Sources */,
				C7ADDF1927BE5B6200E0328D /* MainTabViewController.swift in Sources */,
				C7ADDF3027BE5CFC00E0328D /* DownloadsViewController.swift in Sources */,
				C7ADDF3B27BE829A00E0328D /* APICaller.swift in Sources */,
				C7ADDF3927BE67C000E0328D /* HeroHeaderUIView.swift in Sources */,
				C7ADDF1527BE5B6200E0328D /* AppDelegate.swift in Sources */,
				C75BC0B627BFDC280016E8D5 /* TitleCollectionViewCell.swift in Sources */,
				C7AA1AA027C1261600031BBD /* TitlePreviewViewController.swift in Sources */,
				C7ADDF1727BE5B6200E0328D /* SceneDelegate.swift in Sources */,
				C7ADDF3F27BE8E6A00E0328D /* Extensions.swift in Sources */,
				C75BC0BD27BFED310016E8D5 /* TitleTableViewCell.swift in Sources */,
				C7AA1A9E27C11F0300031BBD /* YoutubeSearchResponse.swift in Sources */,
				C7ADDF2C27BE5CCD00E0328D /* UpcomingViewController.swift in Sources */,
				C7ADDF2A27BE5CB400E0328D /* HomeViewController.swift in Sources */,
				C75BC0BF27BFF46A0016E8D5 /* TitleViewModel.swift in Sources */,
				C7ADDF3D27BE86F100E0328D /* Title.swift in Sources */,
				C7AA1AA227C12D8900031BBD /* TitlePreviewViewModel.swift in Sources */,
				C7ADDF3727BE619F00E0328D /* CollectionTableViewCell.swift in Sources */,
			);
			runOnlyForDeploymentPostprocessing = 0;
		};
/* End PBXSourcesBuildPhase section */

/* Begin PBXVariantGroup section */
		C7ADDF1F27BE5B6300E0328D /* LaunchScreen.storyboard */ = {
			isa = PBXVariantGroup;
			children = (
				C7ADDF2027BE5B6300E0328D /* Base */,
			);
			name = LaunchScreen.storyboard;
			sourceTree = "<group>";
		};
/* End PBXVariantGroup section */

/* Begin XCBuildConfiguration section */
		C7ADDF2327BE5B6300E0328D /* Debug */ = {
			isa = XCBuildConfiguration;
			buildSettings = {
				ALWAYS_SEARCH_USER_PATHS = NO;
				CLANG_ANALYZER_NONNULL = YES;
				CLANG_ANALYZER_NUMBER_OBJECT_CONVERSION = YES_AGGRESSIVE;
				CLANG_CXX_LANGUAGE_STANDARD = "gnu++17";
				CLANG_CXX_LIBRARY = "libc++";
				CLANG_ENABLE_MODULES = YES;
				CLANG_ENABLE_OBJC_ARC = YES;
				CLANG_ENABLE_OBJC_WEAK = YES;
				CLANG_WARN_BLOCK_CAPTURE_AUTORELEASING = YES;
				CLANG_WARN_BOOL_CONVERSION = YES;
				CLANG_WARN_COMMA = YES;
				CLANG_WARN_CONSTANT_CONVERSION = YES;
				CLANG_WARN_DEPRECATED_OBJC_IMPLEMENTATIONS = YES;
				CLANG_WARN_DIRECT_OBJC_ISA_USAGE = YES_ERROR;
				CLANG_WARN_DOCUMENTATION_COMMENTS = YES;
				CLANG_WARN_EMPTY_BODY = YES;
				CLANG_WARN_ENUM_CONVERSION = YES;
				CLANG_WARN_INFINITE_RECURSION = YES;
				CLANG_WARN_INT_CONVERSION = YES;
				CLANG_WARN_NON_LITERAL_NULL_CONVERSION = YES;
				CLANG_WARN_OBJC_IMPLICIT_RETAIN_SELF = YES;
				CLANG_WARN_OBJC_LITERAL_CONVERSION = YES;
				CLANG_WARN_OBJC_ROOT_CLASS = YES_ERROR;
				CLANG_WARN_QUOTED_INCLUDE_IN_FRAMEWORK_HEADER = YES;
				CLANG_WARN_RANGE_LOOP_ANALYSIS = YES;
				CLANG_WARN_STRICT_PROTOTYPES = YES;
				CLANG_WARN_SUSPICIOUS_MOVE = YES;
				CLANG_WARN_UNGUARDED_AVAILABILITY = YES_AGGRESSIVE;
				CLANG_WARN_UNREACHABLE_CODE = YES;
				CLANG_WARN__DUPLICATE_METHOD_MATCH = YES;
				COPY_PHASE_STRIP = NO;
				DEBUG_INFORMATION_FORMAT = dwarf;
				ENABLE_STRICT_OBJC_MSGSEND = YES;
				ENABLE_TESTABILITY = YES;
				GCC_C_LANGUAGE_STANDARD = gnu11;
				GCC_DYNAMIC_NO_PIC = NO;
				GCC_NO_COMMON_BLOCKS = YES;
				GCC_OPTIMIZATION_LEVEL = 0;
				GCC_PREPROCESSOR_DEFINITIONS = (
					"DEBUG=1",
					"$(inherited)",
				);
				GCC_WARN_64_TO_32_BIT_CONVERSION = YES;
				GCC_WARN_ABOUT_RETURN_TYPE = YES_ERROR;
				GCC_WARN_UNDECLARED_SELECTOR = YES;
				GCC_WARN_UNINITIALIZED_AUTOS = YES_AGGRESSIVE;
				GCC_WARN_UNUSED_FUNCTION = YES;
				GCC_WARN_UNUSED_VARIABLE = YES;
				IPHONEOS_DEPLOYMENT_TARGET = 15.2;
				MTL_ENABLE_DEBUG_INFO = INCLUDE_SOURCE;
				MTL_FAST_MATH = YES;
				ONLY_ACTIVE_ARCH = YES;
				SDKROOT = iphoneos;
				SWIFT_ACTIVE_COMPILATION_CONDITIONS = DEBUG;
				SWIFT_OPTIMIZATION_LEVEL = "-Onone";
			};
			name = Debug;
		};
		C7ADDF2427BE5B6300E0328D /* Release */ = {
			isa = XCBuildConfiguration;
			buildSettings = {
				ALWAYS_SEARCH_USER_PATHS = NO;
				CLANG_ANALYZER_NONNULL = YES;
				CLANG_ANALYZER_NUMBER_OBJECT_CONVERSION = YES_AGGRESSIVE;
				CLANG_CXX_LANGUAGE_STANDARD = "gnu++17";
				CLANG_CXX_LIBRARY = "libc++";
				CLANG_ENABLE_MODULES = YES;
				CLANG_ENABLE_OBJC_ARC = YES;
				CLANG_ENABLE_OBJC_WEAK = YES;
				CLANG_WARN_BLOCK_CAPTURE_AUTORELEASING = YES;
				CLANG_WARN_BOOL_CONVERSION = YES;
				CLANG_WARN_COMMA = YES;
				CLANG_WARN_CONSTANT_CONVERSION = YES;
				CLANG_WARN_DEPRECATED_OBJC_IMPLEMENTATIONS = YES;
				CLANG_WARN_DIRECT_OBJC_ISA_USAGE = YES_ERROR;
				CLANG_WARN_DOCUMENTATION_COMMENTS = YES;
				CLANG_WARN_EMPTY_BODY = YES;
				CLANG_WARN_ENUM_CONVERSION = YES;
				CLANG_WARN_INFINITE_RECURSION = YES;
				CLANG_WARN_INT_CONVERSION = YES;
				CLANG_WARN_NON_LITERAL_NULL_CONVERSION = YES;
				CLANG_WARN_OBJC_IMPLICIT_RETAIN_SELF = YES;
				CLANG_WARN_OBJC_LITERAL_CONVERSION = YES;
				CLANG_WARN_OBJC_ROOT_CLASS = YES_ERROR;
				CLANG_WARN_QUOTED_INCLUDE_IN_FRAMEWORK_HEADER = YES;
				CLANG_WARN_RANGE_LOOP_ANALYSIS = YES;
				CLANG_WARN_STRICT_PROTOTYPES = YES;
				CLANG_WARN_SUSPICIOUS_MOVE = YES;
				CLANG_WARN_UNGUARDED_AVAILABILITY = YES_AGGRESSIVE;
				CLANG_WARN_UNREACHABLE_CODE = YES;
				CLANG_WARN__DUPLICATE_METHOD_MATCH = YES;
				COPY_PHASE_STRIP = NO;
				DEBUG_INFORMATION_FORMAT = "dwarf-with-dsym";
				ENABLE_NS_ASSERTIONS = NO;
				ENABLE_STRICT_OBJC_MSGSEND = YES;
				GCC_C_LANGUAGE_STANDARD = gnu11;
				GCC_NO_COMMON_BLOCKS = YES;
				GCC_WARN_64_TO_32_BIT_CONVERSION = YES;
				GCC_WARN_ABOUT_RETURN_TYPE = YES_ERROR;
				GCC_WARN_UNDECLARED_SELECTOR = YES;
				GCC_WARN_UNINITIALIZED_AUTOS = YES_AGGRESSIVE;
				GCC_WARN_UNUSED_FUNCTION = YES;
				GCC_WARN_UNUSED_VARIABLE = YES;
				IPHONEOS_DEPLOYMENT_TARGET = 15.2;
				MTL_ENABLE_DEBUG_INFO = NO;
				MTL_FAST_MATH = YES;
				SDKROOT = iphoneos;
				SWIFT_COMPILATION_MODE = wholemodule;
				SWIFT_OPTIMIZATION_LEVEL = "-O";
				VALIDATE_PRODUCT = YES;
			};
			name = Release;
		};
		C7ADDF2627BE5B6300E0328D /* Debug */ = {
			isa = XCBuildConfiguration;
			buildSettings = {
				ASSETCATALOG_COMPILER_APPICON_NAME = AppIcon;
				ASSETCATALOG_COMPILER_GLOBAL_ACCENT_COLOR_NAME = AccentColor;
				CODE_SIGN_STYLE = Automatic;
				CURRENT_PROJECT_VERSION = 1;
				GENERATE_INFOPLIST_FILE = YES;
				INFOPLIST_FILE = NetflixClone/Info.plist;
				INFOPLIST_KEY_UIApplicationSupportsIndirectInputEvents = YES;
				INFOPLIST_KEY_UILaunchStoryboardName = LaunchScreen;
				INFOPLIST_KEY_UISupportedInterfaceOrientations_iPad = "UIInterfaceOrientationPortrait UIInterfaceOrientationPortraitUpsideDown UIInterfaceOrientationLandscapeLeft UIInterfaceOrientationLandscapeRight";
				INFOPLIST_KEY_UISupportedInterfaceOrientations_iPhone = "UIInterfaceOrientationPortrait UIInterfaceOrientationLandscapeLeft UIInterfaceOrientationLandscapeRight";
				LD_RUNPATH_SEARCH_PATHS = (
					"$(inherited)",
					"@executable_path/Frameworks",
				);
				MARKETING_VERSION = 1.0;
				PRODUCT_BUNDLE_IDENTIFIER = com.isifip.NetflixClone;
				PRODUCT_NAME = "$(TARGET_NAME)";
				SWIFT_EMIT_LOC_STRINGS = YES;
				SWIFT_VERSION = 5.0;
				TARGETED_DEVICE_FAMILY = "1,2";
			};
			name = Debug;
		};
		C7ADDF2727BE5B6300E0328D /* Release */ = {
			isa = XCBuildConfiguration;
			buildSettings = {
				ASSETCATALOG_COMPILER_APPICON_NAME = AppIcon;
				ASSETCATALOG_COMPILER_GLOBAL_ACCENT_COLOR_NAME = AccentColor;
				CODE_SIGN_STYLE = Automatic;
				CURRENT_PROJECT_VERSION = 1;
				GENERATE_INFOPLIST_FILE = YES;
				INFOPLIST_FILE = NetflixClone/Info.plist;
				INFOPLIST_KEY_UIApplicationSupportsIndirectInputEvents = YES;
				INFOPLIST_KEY_UILaunchStoryboardName = LaunchScreen;
				INFOPLIST_KEY_UISupportedInterfaceOrientations_iPad = "UIInterfaceOrientationPortrait UIInterfaceOrientationPortraitUpsideDown UIInterfaceOrientationLandscapeLeft UIInterfaceOrientationLandscapeRight";
				INFOPLIST_KEY_UISupportedInterfaceOrientations_iPhone = "UIInterfaceOrientationPortrait UIInterfaceOrientationLandscapeLeft UIInterfaceOrientationLandscapeRight";
				LD_RUNPATH_SEARCH_PATHS = (
					"$(inherited)",
					"@executable_path/Frameworks",
				);
				MARKETING_VERSION = 1.0;
				PRODUCT_BUNDLE_IDENTIFIER = com.isifip.NetflixClone;
				PRODUCT_NAME = "$(TARGET_NAME)";
				SWIFT_EMIT_LOC_STRINGS = YES;
				SWIFT_VERSION = 5.0;
				TARGETED_DEVICE_FAMILY = "1,2";
			};
			name = Release;
		};
/* End XCBuildConfiguration section */

/* Begin XCConfigurationList section */
		C7ADDF0C27BE5B6200E0328D /* Build configuration list for PBXProject "NetflixClone" */ = {
			isa = XCConfigurationList;
			buildConfigurations = (
				C7ADDF2327BE5B6300E0328D /* Debug */,
				C7ADDF2427BE5B6300E0328D /* Release */,
			);
			defaultConfigurationIsVisible = 0;
			defaultConfigurationName = Release;
		};
		C7ADDF2527BE5B6300E0328D /* Build configuration list for PBXNativeTarget "NetflixClone" */ = {
			isa = XCConfigurationList;
			buildConfigurations = (
				C7ADDF2627BE5B6300E0328D /* Debug */,
				C7ADDF2727BE5B6300E0328D /* Release */,
			);
			defaultConfigurationIsVisible = 0;
			defaultConfigurationName = Release;
		};
/* End XCConfigurationList section */

/* Begin XCRemoteSwiftPackageReference section */
		C75BC0B727BFDF630016E8D5 /* XCRemoteSwiftPackageReference "SDWebImage" */ = {
			isa = XCRemoteSwiftPackageReference;
			repositoryURL = "https://github.com/SDWebImage/SDWebImage.git";
			requirement = {
				kind = upToNextMajorVersion;
				minimumVersion = 5.0.0;
			};
		};
/* End XCRemoteSwiftPackageReference section */

/* Begin XCSwiftPackageProductDependency section */
		C75BC0B827BFDF630016E8D5 /* SDWebImage */ = {
			isa = XCSwiftPackageProductDependency;
			package = C75BC0B727BFDF630016E8D5 /* XCRemoteSwiftPackageReference "SDWebImage" */;
			productName = SDWebImage;
		};
		C75BC0BA27BFDF630016E8D5 /* SDWebImageMapKit */ = {
			isa = XCSwiftPackageProductDependency;
			package = C75BC0B727BFDF630016E8D5 /* XCRemoteSwiftPackageReference "SDWebImage" */;
			productName = SDWebImageMapKit;
		};
/* End XCSwiftPackageProductDependency section */
	};
	rootObject = C7ADDF0927BE5B6200E0328D /* Project object */;
}
