// !$*UTF8*$!
{
	archiveVersion = 1;
	classes = {
	};
	objectVersion = 55;
	objects = {

/* Begin PBXBuildFile section */
		C725FF0827A6C61F00032A33 /* ReviewViewController.swift in Sources */ = {isa = PBXBuildFile; fileRef = C725FF0727A6C61F00032A33 /* ReviewViewController.swift */; };
		C7588EF727A2F36D000447DE /* AppDelegate.swift in Sources */ = {isa = PBXBuildFile; fileRef = C7588EF627A2F36D000447DE /* AppDelegate.swift */; };
		C7588EF927A2F36D000447DE /* SceneDelegate.swift in Sources */ = {isa = PBXBuildFile; fileRef = C7588EF827A2F36D000447DE /* SceneDelegate.swift */; };
		C7588EFE27A2F36D000447DE /* Main.storyboard in Resources */ = {isa = PBXBuildFile; fileRef = C7588EFC27A2F36D000447DE /* Main.storyboard */; };
		C7588F0027A2F36F000447DE /* Assets.xcassets in Resources */ = {isa = PBXBuildFile; fileRef = C7588EFF27A2F36F000447DE /* Assets.xcassets */; };
		C7588F0327A2F36F000447DE /* LaunchScreen.storyboard in Resources */ = {isa = PBXBuildFile; fileRef = C7588F0127A2F36F000447DE /* LaunchScreen.storyboard */; };
		C7588F0B27A2F6DA000447DE /* RestaurantTableViewController.swift in Sources */ = {isa = PBXBuildFile; fileRef = C7588F0A27A2F6DA000447DE /* RestaurantTableViewController.swift */; };
		C7588F0D27A30083000447DE /* RestaurantTableViewCell.swift in Sources */ = {isa = PBXBuildFile; fileRef = C7588F0C27A30083000447DE /* RestaurantTableViewCell.swift */; };
		C7AFF48B27A7DCCF0021DEE1 /* RoundedTextField.swift in Sources */ = {isa = PBXBuildFile; fileRef = C7AFF48A27A7DCCF0021DEE1 /* RoundedTextField.swift */; };
		C7AFF48D27A7DF780021DEE1 /* NewRestaurantController.swift in Sources */ = {isa = PBXBuildFile; fileRef = C7AFF48C27A7DF780021DEE1 /* NewRestaurantController.swift */; };
		C7B62EF327A3DF0E00E8F6F1 /* Restaurant.swift in Sources */ = {isa = PBXBuildFile; fileRef = C7B62EF227A3DF0E00E8F6F1 /* Restaurant.swift */; };
		C7B62EF927A3F1F200E8F6F1 /* RestaurantDiffableDataSource.swift in Sources */ = {isa = PBXBuildFile; fileRef = C7B62EF827A3F1F200E8F6F1 /* RestaurantDiffableDataSource.swift */; };
		C7CCC77C27A550440017E747 /* Nunito-Bold.ttf in Resources */ = {isa = PBXBuildFile; fileRef = C7CCC77A27A550440017E747 /* Nunito-Bold.ttf */; };
		C7CCC77D27A550440017E747 /* Nunito-Regular.ttf in Resources */ = {isa = PBXBuildFile; fileRef = C7CCC77B27A550440017E747 /* Nunito-Regular.ttf */; };
		C7CCC77F27A556F30017E747 /* RestaurantDetailHeaderView.swift in Sources */ = {isa = PBXBuildFile; fileRef = C7CCC77E27A556F30017E747 /* RestaurantDetailHeaderView.swift */; };
		C7CCC78127A563C80017E747 /* RestaurantDetailTextCell.swift in Sources */ = {isa = PBXBuildFile; fileRef = C7CCC78027A563C80017E747 /* RestaurantDetailTextCell.swift */; };
		C7CCC78327A57A4D0017E747 /* RestaurantDetailTwoColumnCell.swift in Sources */ = {isa = PBXBuildFile; fileRef = C7CCC78227A57A4D0017E747 /* RestaurantDetailTwoColumnCell.swift */; };
		C7CCC78627A59B000017E747 /* UIcolor-Extension.swift in Sources */ = {isa = PBXBuildFile; fileRef = C7CCC78527A59B000017E747 /* UIcolor-Extension.swift */; };
		C7CCC78827A5A15F0017E747 /* NavigationController.swift in Sources */ = {isa = PBXBuildFile; fileRef = C7CCC78727A5A15F0017E747 /* NavigationController.swift */; };
		C7CCC78C27A5C5C40017E747 /* RestaurantDetailMapCell.swift in Sources */ = {isa = PBXBuildFile; fileRef = C7CCC78B27A5C5C40017E747 /* RestaurantDetailMapCell.swift */; };
		C7CCC78E27A5D7B10017E747 /* MapViewController.swift in Sources */ = {isa = PBXBuildFile; fileRef = C7CCC78D27A5D7B10017E747 /* MapViewController.swift */; };
		C7D1D3E727A43068008EB8BA /* RestaurantDetailViewController.swift in Sources */ = {isa = PBXBuildFile; fileRef = C7D1D3E627A43068008EB8BA /* RestaurantDetailViewController.swift */; };
/* End PBXBuildFile section */

/* Begin PBXFileReference section */
		C725FF0727A6C61F00032A33 /* ReviewViewController.swift */ = {isa = PBXFileReference; lastKnownFileType = sourcecode.swift; path = ReviewViewController.swift; sourceTree = "<group>"; };
		C7588EF327A2F36D000447DE /* FoodPin.app */ = {isa = PBXFileReference; explicitFileType = wrapper.application; includeInIndex = 0; path = FoodPin.app; sourceTree = BUILT_PRODUCTS_DIR; };
		C7588EF627A2F36D000447DE /* AppDelegate.swift */ = {isa = PBXFileReference; lastKnownFileType = sourcecode.swift; path = AppDelegate.swift; sourceTree = "<group>"; };
		C7588EF827A2F36D000447DE /* SceneDelegate.swift */ = {isa = PBXFileReference; lastKnownFileType = sourcecode.swift; path = SceneDelegate.swift; sourceTree = "<group>"; };
		C7588EFD27A2F36D000447DE /* Base */ = {isa = PBXFileReference; lastKnownFileType = file.storyboard; name = Base; path = Base.lproj/Main.storyboard; sourceTree = "<group>"; };
		C7588EFF27A2F36F000447DE /* Assets.xcassets */ = {isa = PBXFileReference; lastKnownFileType = folder.assetcatalog; path = Assets.xcassets; sourceTree = "<group>"; };
		C7588F0227A2F36F000447DE /* Base */ = {isa = PBXFileReference; lastKnownFileType = file.storyboard; name = Base; path = Base.lproj/LaunchScreen.storyboard; sourceTree = "<group>"; };
		C7588F0427A2F36F000447DE /* Info.plist */ = {isa = PBXFileReference; lastKnownFileType = text.plist.xml; path = Info.plist; sourceTree = "<group>"; };
		C7588F0A27A2F6DA000447DE /* RestaurantTableViewController.swift */ = {isa = PBXFileReference; lastKnownFileType = sourcecode.swift; path = RestaurantTableViewController.swift; sourceTree = "<group>"; };
		C7588F0C27A30083000447DE /* RestaurantTableViewCell.swift */ = {isa = PBXFileReference; lastKnownFileType = sourcecode.swift; path = RestaurantTableViewCell.swift; sourceTree = "<group>"; };
		C7AFF48A27A7DCCF0021DEE1 /* RoundedTextField.swift */ = {isa = PBXFileReference; lastKnownFileType = sourcecode.swift; path = RoundedTextField.swift; sourceTree = "<group>"; };
		C7AFF48C27A7DF780021DEE1 /* NewRestaurantController.swift */ = {isa = PBXFileReference; lastKnownFileType = sourcecode.swift; path = NewRestaurantController.swift; sourceTree = "<group>"; };
		C7B62EF227A3DF0E00E8F6F1 /* Restaurant.swift */ = {isa = PBXFileReference; lastKnownFileType = sourcecode.swift; path = Restaurant.swift; sourceTree = "<group>"; };
		C7B62EF827A3F1F200E8F6F1 /* RestaurantDiffableDataSource.swift */ = {isa = PBXFileReference; lastKnownFileType = sourcecode.swift; path = RestaurantDiffableDataSource.swift; sourceTree = "<group>"; };
		C7CCC77A27A550440017E747 /* Nunito-Bold.ttf */ = {isa = PBXFileReference; lastKnownFileType = file; name = "Nunito-Bold.ttf"; path = "../../../../../../Downloads/Nunito/static/Nunito-Bold.ttf"; sourceTree = "<group>"; };
		C7CCC77B27A550440017E747 /* Nunito-Regular.ttf */ = {isa = PBXFileReference; lastKnownFileType = file; name = "Nunito-Regular.ttf"; path = "../../../../../../Downloads/Nunito/static/Nunito-Regular.ttf"; sourceTree = "<group>"; };
		C7CCC77E27A556F30017E747 /* RestaurantDetailHeaderView.swift */ = {isa = PBXFileReference; lastKnownFileType = sourcecode.swift; path = RestaurantDetailHeaderView.swift; sourceTree = "<group>"; };
		C7CCC78027A563C80017E747 /* RestaurantDetailTextCell.swift */ = {isa = PBXFileReference; lastKnownFileType = sourcecode.swift; path = RestaurantDetailTextCell.swift; sourceTree = "<group>"; };
		C7CCC78227A57A4D0017E747 /* RestaurantDetailTwoColumnCell.swift */ = {isa = PBXFileReference; lastKnownFileType = sourcecode.swift; path = RestaurantDetailTwoColumnCell.swift; sourceTree = "<group>"; };
		C7CCC78527A59B000017E747 /* UIcolor-Extension.swift */ = {isa = PBXFileReference; lastKnownFileType = sourcecode.swift; path = "UIcolor-Extension.swift"; sourceTree = "<group>"; };
		C7CCC78727A5A15F0017E747 /* NavigationController.swift */ = {isa = PBXFileReference; lastKnownFileType = sourcecode.swift; path = NavigationController.swift; sourceTree = "<group>"; };
		C7CCC78B27A5C5C40017E747 /* RestaurantDetailMapCell.swift */ = {isa = PBXFileReference; lastKnownFileType = sourcecode.swift; path = RestaurantDetailMapCell.swift; sourceTree = "<group>"; };
		C7CCC78D27A5D7B10017E747 /* MapViewController.swift */ = {isa = PBXFileReference; lastKnownFileType = sourcecode.swift; path = MapViewController.swift; sourceTree = "<group>"; };
		C7D1D3E627A43068008EB8BA /* RestaurantDetailViewController.swift */ = {isa = PBXFileReference; lastKnownFileType = sourcecode.swift; path = RestaurantDetailViewController.swift; sourceTree = "<group>"; };
/* End PBXFileReference section */

/* Begin PBXFrameworksBuildPhase section */
		C7588EF027A2F36D000447DE /* Frameworks */ = {
			isa = PBXFrameworksBuildPhase;
			buildActionMask = 2147483647;
			files = (
			);
			runOnlyForDeploymentPostprocessing = 0;
		};
/* End PBXFrameworksBuildPhase section */

/* Begin PBXGroup section */
		C7588EEA27A2F36D000447DE = {
			isa = PBXGroup;
			children = (
				C7588EF527A2F36D000447DE /* FoodPin */,
				C7588EF427A2F36D000447DE /* Products */,
			);
			sourceTree = "<group>";
		};
		C7588EF427A2F36D000447DE /* Products */ = {
			isa = PBXGroup;
			children = (
				C7588EF327A2F36D000447DE /* FoodPin.app */,
			);
			name = Products;
			sourceTree = "<group>";
		};
		C7588EF527A2F36D000447DE /* FoodPin */ = {
			isa = PBXGroup;
			children = (
				C7588EF627A2F36D000447DE /* AppDelegate.swift */,
				C7588EF827A2F36D000447DE /* SceneDelegate.swift */,
				C7CCC78427A59AD20017E747 /* Extensions */,
				C7CCC77627A54F920017E747 /* Resources */,
				C7B62EF727A3E79C00E8F6F1 /* StoryBoard */,
				C7B62EF627A3E79600E8F6F1 /* Controller */,
				C7B62EF527A3E79000E8F6F1 /* VIew */,
				C7B62EF427A3E78300E8F6F1 /* Model */,
				C7588EFF27A2F36F000447DE /* Assets.xcassets */,
				C7588F0427A2F36F000447DE /* Info.plist */,
			);
			path = FoodPin;
			sourceTree = "<group>";
		};
		C7B62EF427A3E78300E8F6F1 /* Model */ = {
			isa = PBXGroup;
			children = (
				C7B62EF227A3DF0E00E8F6F1 /* Restaurant.swift */,
				C7B62EF827A3F1F200E8F6F1 /* RestaurantDiffableDataSource.swift */,
			);
			path = Model;
			sourceTree = "<group>";
		};
		C7B62EF527A3E79000E8F6F1 /* VIew */ = {
			isa = PBXGroup;
			children = (
				C7588F0C27A30083000447DE /* RestaurantTableViewCell.swift */,
				C7CCC77E27A556F30017E747 /* RestaurantDetailHeaderView.swift */,
				C7CCC78027A563C80017E747 /* RestaurantDetailTextCell.swift */,
				C7CCC78227A57A4D0017E747 /* RestaurantDetailTwoColumnCell.swift */,
				C7CCC78B27A5C5C40017E747 /* RestaurantDetailMapCell.swift */,
				C7AFF48A27A7DCCF0021DEE1 /* RoundedTextField.swift */,
			);
			path = VIew;
			sourceTree = "<group>";
		};
		C7B62EF627A3E79600E8F6F1 /* Controller */ = {
			isa = PBXGroup;
			children = (
				C7588F0A27A2F6DA000447DE /* RestaurantTableViewController.swift */,
				C7D1D3E627A43068008EB8BA /* RestaurantDetailViewController.swift */,
				C7CCC78727A5A15F0017E747 /* NavigationController.swift */,
				C7CCC78D27A5D7B10017E747 /* MapViewController.swift */,
				C725FF0727A6C61F00032A33 /* ReviewViewController.swift */,
				C7AFF48C27A7DF780021DEE1 /* NewRestaurantController.swift */,
			);
			path = Controller;
			sourceTree = "<group>";
		};
		C7B62EF727A3E79C00E8F6F1 /* StoryBoard */ = {
			isa = PBXGroup;
			children = (
				C7588EFC27A2F36D000447DE /* Main.storyboard */,
				C7588F0127A2F36F000447DE /* LaunchScreen.storyboard */,
			);
			path = StoryBoard;
			sourceTree = "<group>";
		};
		C7CCC77627A54F920017E747 /* Resources */ = {
			isa = PBXGroup;
			children = (
				C7CCC77727A54FAE0017E747 /* Fonts */,
			);
			path = Resources;
			sourceTree = "<group>";
		};
		C7CCC77727A54FAE0017E747 /* Fonts */ = {
			isa = PBXGroup;
			children = (
				C7CCC77A27A550440017E747 /* Nunito-Bold.ttf */,
				C7CCC77B27A550440017E747 /* Nunito-Regular.ttf */,
			);
			path = Fonts;
			sourceTree = "<group>";
		};
		C7CCC78427A59AD20017E747 /* Extensions */ = {
			isa = PBXGroup;
			children = (
				C7CCC78527A59B000017E747 /* UIcolor-Extension.swift */,
			);
			path = Extensions;
			sourceTree = "<group>";
		};
/* End PBXGroup section */

/* Begin PBXNativeTarget section */
		C7588EF227A2F36D000447DE /* FoodPin */ = {
			isa = PBXNativeTarget;
			buildConfigurationList = C7588F0727A2F36F000447DE /* Build configuration list for PBXNativeTarget "FoodPin" */;
			buildPhases = (
				C7588EEF27A2F36D000447DE /* Sources */,
				C7588EF027A2F36D000447DE /* Frameworks */,
				C7588EF127A2F36D000447DE /* Resources */,
			);
			buildRules = (
			);
			dependencies = (
			);
			name = FoodPin;
			productName = FoodPin;
			productReference = C7588EF327A2F36D000447DE /* FoodPin.app */;
			productType = "com.apple.product-type.application";
		};
/* End PBXNativeTarget section */

/* Begin PBXProject section */
		C7588EEB27A2F36D000447DE /* Project object */ = {
			isa = PBXProject;
			attributes = {
				BuildIndependentTargetsInParallel = 1;
				LastSwiftUpdateCheck = 1320;
				LastUpgradeCheck = 1320;
				TargetAttributes = {
					C7588EF227A2F36D000447DE = {
						CreatedOnToolsVersion = 13.2.1;
					};
				};
			};
			buildConfigurationList = C7588EEE27A2F36D000447DE /* Build configuration list for PBXProject "FoodPin" */;
			compatibilityVersion = "Xcode 13.0";
			developmentRegion = en;
			hasScannedForEncodings = 0;
			knownRegions = (
				en,
				Base,
			);
			mainGroup = C7588EEA27A2F36D000447DE;
			productRefGroup = C7588EF427A2F36D000447DE /* Products */;
			projectDirPath = "";
			projectRoot = "";
			targets = (
				C7588EF227A2F36D000447DE /* FoodPin */,
			);
		};
/* End PBXProject section */

/* Begin PBXResourcesBuildPhase section */
		C7588EF127A2F36D000447DE /* Resources */ = {
			isa = PBXResourcesBuildPhase;
			buildActionMask = 2147483647;
			files = (
				C7CCC77D27A550440017E747 /* Nunito-Regular.ttf in Resources */,
				C7588F0327A2F36F000447DE /* LaunchScreen.storyboard in Resources */,
				C7588F0027A2F36F000447DE /* Assets.xcassets in Resources */,
				C7CCC77C27A550440017E747 /* Nunito-Bold.ttf in Resources */,
				C7588EFE27A2F36D000447DE /* Main.storyboard in Resources */,
			);
			runOnlyForDeploymentPostprocessing = 0;
		};
/* End PBXResourcesBuildPhase section */

/* Begin PBXSourcesBuildPhase section */
		C7588EEF27A2F36D000447DE /* Sources */ = {
			isa = PBXSourcesBuildPhase;
			buildActionMask = 2147483647;
			files = (
				C7B62EF327A3DF0E00E8F6F1 /* Restaurant.swift in Sources */,
				C7CCC78827A5A15F0017E747 /* NavigationController.swift in Sources */,
				C7AFF48D27A7DF780021DEE1 /* NewRestaurantController.swift in Sources */,
				C725FF0827A6C61F00032A33 /* ReviewViewController.swift in Sources */,
				C7CCC78127A563C80017E747 /* RestaurantDetailTextCell.swift in Sources */,
				C7588F0D27A30083000447DE /* RestaurantTableViewCell.swift in Sources */,
				C7588EF727A2F36D000447DE /* AppDelegate.swift in Sources */,
				C7CCC78327A57A4D0017E747 /* RestaurantDetailTwoColumnCell.swift in Sources */,
				C7CCC78627A59B000017E747 /* UIcolor-Extension.swift in Sources */,
				C7588EF927A2F36D000447DE /* SceneDelegate.swift in Sources */,
				C7CCC78C27A5C5C40017E747 /* RestaurantDetailMapCell.swift in Sources */,
				C7B62EF927A3F1F200E8F6F1 /* RestaurantDiffableDataSource.swift in Sources */,
				C7AFF48B27A7DCCF0021DEE1 /* RoundedTextField.swift in Sources */,
				C7D1D3E727A43068008EB8BA /* RestaurantDetailViewController.swift in Sources */,
				C7CCC77F27A556F30017E747 /* RestaurantDetailHeaderView.swift in Sources */,
				C7588F0B27A2F6DA000447DE /* RestaurantTableViewController.swift in Sources */,
				C7CCC78E27A5D7B10017E747 /* MapViewController.swift in Sources */,
			);
			runOnlyForDeploymentPostprocessing = 0;
		};
/* End PBXSourcesBuildPhase section */

/* Begin PBXVariantGroup section */
		C7588EFC27A2F36D000447DE /* Main.storyboard */ = {
			isa = PBXVariantGroup;
			children = (
				C7588EFD27A2F36D000447DE /* Base */,
			);
			name = Main.storyboard;
			sourceTree = "<group>";
		};
		C7588F0127A2F36F000447DE /* LaunchScreen.storyboard */ = {
			isa = PBXVariantGroup;
			children = (
				C7588F0227A2F36F000447DE /* Base */,
			);
			name = LaunchScreen.storyboard;
			sourceTree = "<group>";
		};
/* End PBXVariantGroup section */

/* Begin XCBuildConfiguration section */
		C7588F0527A2F36F000447DE /* Debug */ = {
			isa = XCBuildConfiguration;
			buildSettings = {
				ALWAYS_SEARCH_USER_PATHS = NO;
				CLANG_ANALYZER_NONNULL = YES;
				CLANG_ANALYZER_NUMBER_OBJECT_CONVERSION = YES_AGGRESSIVE;
				CLANG_CXX_LANGUAGE_STANDARD = "gnu++17";
				CLANG_CXX_LIBRARY = "libc++";
				CLANG_ENABLE_MODULES = YES;
				CLANG_ENABLE_OBJC_ARC = YES;
				CLANG_ENABLE_OBJC_WEAK = YES;
				CLANG_WARN_BLOCK_CAPTURE_AUTORELEASING = YES;
				CLANG_WARN_BOOL_CONVERSION = YES;
				CLANG_WARN_COMMA = YES;
				CLANG_WARN_CONSTANT_CONVERSION = YES;
				CLANG_WARN_DEPRECATED_OBJC_IMPLEMENTATIONS = YES;
				CLANG_WARN_DIRECT_OBJC_ISA_USAGE = YES_ERROR;
				CLANG_WARN_DOCUMENTATION_COMMENTS = YES;
				CLANG_WARN_EMPTY_BODY = YES;
				CLANG_WARN_ENUM_CONVERSION = YES;
				CLANG_WARN_INFINITE_RECURSION = YES;
				CLANG_WARN_INT_CONVERSION = YES;
				CLANG_WARN_NON_LITERAL_NULL_CONVERSION = YES;
				CLANG_WARN_OBJC_IMPLICIT_RETAIN_SELF = YES;
				CLANG_WARN_OBJC_LITERAL_CONVERSION = YES;
				CLANG_WARN_OBJC_ROOT_CLASS = YES_ERROR;
				CLANG_WARN_QUOTED_INCLUDE_IN_FRAMEWORK_HEADER = YES;
				CLANG_WARN_RANGE_LOOP_ANALYSIS = YES;
				CLANG_WARN_STRICT_PROTOTYPES = YES;
				CLANG_WARN_SUSPICIOUS_MOVE = YES;
				CLANG_WARN_UNGUARDED_AVAILABILITY = YES_AGGRESSIVE;
				CLANG_WARN_UNREACHABLE_CODE = YES;
				CLANG_WARN__DUPLICATE_METHOD_MATCH = YES;
				COPY_PHASE_STRIP = NO;
				DEBUG_INFORMATION_FORMAT = dwarf;
				ENABLE_STRICT_OBJC_MSGSEND = YES;
				ENABLE_TESTABILITY = YES;
				GCC_C_LANGUAGE_STANDARD = gnu11;
				GCC_DYNAMIC_NO_PIC = NO;
				GCC_NO_COMMON_BLOCKS = YES;
				GCC_OPTIMIZATION_LEVEL = 0;
				GCC_PREPROCESSOR_DEFINITIONS = (
					"DEBUG=1",
					"$(inherited)",
				);
				GCC_WARN_64_TO_32_BIT_CONVERSION = YES;
				GCC_WARN_ABOUT_RETURN_TYPE = YES_ERROR;
				GCC_WARN_UNDECLARED_SELECTOR = YES;
				GCC_WARN_UNINITIALIZED_AUTOS = YES_AGGRESSIVE;
				GCC_WARN_UNUSED_FUNCTION = YES;
				GCC_WARN_UNUSED_VARIABLE = YES;
				IPHONEOS_DEPLOYMENT_TARGET = 15.2;
				MTL_ENABLE_DEBUG_INFO = INCLUDE_SOURCE;
				MTL_FAST_MATH = YES;
				ONLY_ACTIVE_ARCH = YES;
				SDKROOT = iphoneos;
				SWIFT_ACTIVE_COMPILATION_CONDITIONS = DEBUG;
				SWIFT_OPTIMIZATION_LEVEL = "-Onone";
			};
			name = Debug;
		};
		C7588F0627A2F36F000447DE /* Release */ = {
			isa = XCBuildConfiguration;
			buildSettings = {
				ALWAYS_SEARCH_USER_PATHS = NO;
				CLANG_ANALYZER_NONNULL = YES;
				CLANG_ANALYZER_NUMBER_OBJECT_CONVERSION = YES_AGGRESSIVE;
				CLANG_CXX_LANGUAGE_STANDARD = "gnu++17";
				CLANG_CXX_LIBRARY = "libc++";
				CLANG_ENABLE_MODULES = YES;
				CLANG_ENABLE_OBJC_ARC = YES;
				CLANG_ENABLE_OBJC_WEAK = YES;
				CLANG_WARN_BLOCK_CAPTURE_AUTORELEASING = YES;
				CLANG_WARN_BOOL_CONVERSION = YES;
				CLANG_WARN_COMMA = YES;
				CLANG_WARN_CONSTANT_CONVERSION = YES;
				CLANG_WARN_DEPRECATED_OBJC_IMPLEMENTATIONS = YES;
				CLANG_WARN_DIRECT_OBJC_ISA_USAGE = YES_ERROR;
				CLANG_WARN_DOCUMENTATION_COMMENTS = YES;
				CLANG_WARN_EMPTY_BODY = YES;
				CLANG_WARN_ENUM_CONVERSION = YES;
				CLANG_WARN_INFINITE_RECURSION = YES;
				CLANG_WARN_INT_CONVERSION = YES;
				CLANG_WARN_NON_LITERAL_NULL_CONVERSION = YES;
				CLANG_WARN_OBJC_IMPLICIT_RETAIN_SELF = YES;
				CLANG_WARN_OBJC_LITERAL_CONVERSION = YES;
				CLANG_WARN_OBJC_ROOT_CLASS = YES_ERROR;
				CLANG_WARN_QUOTED_INCLUDE_IN_FRAMEWORK_HEADER = YES;
				CLANG_WARN_RANGE_LOOP_ANALYSIS = YES;
				CLANG_WARN_STRICT_PROTOTYPES = YES;
				CLANG_WARN_SUSPICIOUS_MOVE = YES;
				CLANG_WARN_UNGUARDED_AVAILABILITY = YES_AGGRESSIVE;
				CLANG_WARN_UNREACHABLE_CODE = YES;
				CLANG_WARN__DUPLICATE_METHOD_MATCH = YES;
				COPY_PHASE_STRIP = NO;
				DEBUG_INFORMATION_FORMAT = "dwarf-with-dsym";
				ENABLE_NS_ASSERTIONS = NO;
				ENABLE_STRICT_OBJC_MSGSEND = YES;
				GCC_C_LANGUAGE_STANDARD = gnu11;
				GCC_NO_COMMON_BLOCKS = YES;
				GCC_WARN_64_TO_32_BIT_CONVERSION = YES;
				GCC_WARN_ABOUT_RETURN_TYPE = YES_ERROR;
				GCC_WARN_UNDECLARED_SELECTOR = YES;
				GCC_WARN_UNINITIALIZED_AUTOS = YES_AGGRESSIVE;
				GCC_WARN_UNUSED_FUNCTION = YES;
				GCC_WARN_UNUSED_VARIABLE = YES;
				IPHONEOS_DEPLOYMENT_TARGET = 15.2;
				MTL_ENABLE_DEBUG_INFO = NO;
				MTL_FAST_MATH = YES;
				SDKROOT = iphoneos;
				SWIFT_COMPILATION_MODE = wholemodule;
				SWIFT_OPTIMIZATION_LEVEL = "-O";
				VALIDATE_PRODUCT = YES;
			};
			name = Release;
		};
		C7588F0827A2F36F000447DE /* Debug */ = {
			isa = XCBuildConfiguration;
			buildSettings = {
				ASSETCATALOG_COMPILER_APPICON_NAME = AppIcon;
				ASSETCATALOG_COMPILER_GLOBAL_ACCENT_COLOR_NAME = AccentColor;
				CODE_SIGN_STYLE = Automatic;
				CURRENT_PROJECT_VERSION = 1;
				GENERATE_INFOPLIST_FILE = YES;
				INFOPLIST_FILE = FoodPin/Info.plist;
				INFOPLIST_KEY_UIApplicationSupportsIndirectInputEvents = YES;
				INFOPLIST_KEY_UILaunchStoryboardName = LaunchScreen;
				INFOPLIST_KEY_UIMainStoryboardFile = Main;
				INFOPLIST_KEY_UISupportedInterfaceOrientations_iPad = "UIInterfaceOrientationPortrait UIInterfaceOrientationPortraitUpsideDown UIInterfaceOrientationLandscapeLeft UIInterfaceOrientationLandscapeRight";
				INFOPLIST_KEY_UISupportedInterfaceOrientations_iPhone = "UIInterfaceOrientationPortrait UIInterfaceOrientationLandscapeLeft UIInterfaceOrientationLandscapeRight";
				LD_RUNPATH_SEARCH_PATHS = (
					"$(inherited)",
					"@executable_path/Frameworks",
				);
				MARKETING_VERSION = 1.0;
				PRODUCT_BUNDLE_IDENTIFIER = com.isifip.FoodPin;
				PRODUCT_NAME = "$(TARGET_NAME)";
				SWIFT_EMIT_LOC_STRINGS = YES;
				SWIFT_VERSION = 5.0;
				TARGETED_DEVICE_FAMILY = "1,2";
			};
			name = Debug;
		};
		C7588F0927A2F36F000447DE /* Release */ = {
			isa = XCBuildConfiguration;
			buildSettings = {
				ASSETCATALOG_COMPILER_APPICON_NAME = AppIcon;
				ASSETCATALOG_COMPILER_GLOBAL_ACCENT_COLOR_NAME = AccentColor;
				CODE_SIGN_STYLE = Automatic;
				CURRENT_PROJECT_VERSION = 1;
				GENERATE_INFOPLIST_FILE = YES;
				INFOPLIST_FILE = FoodPin/Info.plist;
				INFOPLIST_KEY_UIApplicationSupportsIndirectInputEvents = YES;
				INFOPLIST_KEY_UILaunchStoryboardName = LaunchScreen;
				INFOPLIST_KEY_UIMainStoryboardFile = Main;
				INFOPLIST_KEY_UISupportedInterfaceOrientations_iPad = "UIInterfaceOrientationPortrait UIInterfaceOrientationPortraitUpsideDown UIInterfaceOrientationLandscapeLeft UIInterfaceOrientationLandscapeRight";
				INFOPLIST_KEY_UISupportedInterfaceOrientations_iPhone = "UIInterfaceOrientationPortrait UIInterfaceOrientationLandscapeLeft UIInterfaceOrientationLandscapeRight";
				LD_RUNPATH_SEARCH_PATHS = (
					"$(inherited)",
					"@executable_path/Frameworks",
				);
				MARKETING_VERSION = 1.0;
				PRODUCT_BUNDLE_IDENTIFIER = com.isifip.FoodPin;
				PRODUCT_NAME = "$(TARGET_NAME)";
				SWIFT_EMIT_LOC_STRINGS = YES;
				SWIFT_VERSION = 5.0;
				TARGETED_DEVICE_FAMILY = "1,2";
			};
			name = Release;
		};
/* End XCBuildConfiguration section */

/* Begin XCConfigurationList section */
		C7588EEE27A2F36D000447DE /* Build configuration list for PBXProject "FoodPin" */ = {
			isa = XCConfigurationList;
			buildConfigurations = (
				C7588F0527A2F36F000447DE /* Debug */,
				C7588F0627A2F36F000447DE /* Release */,
			);
			defaultConfigurationIsVisible = 0;
			defaultConfigurationName = Release;
		};
		C7588F0727A2F36F000447DE /* Build configuration list for PBXNativeTarget "FoodPin" */ = {
			isa = XCConfigurationList;
			buildConfigurations = (
				C7588F0827A2F36F000447DE /* Debug */,
				C7588F0927A2F36F000447DE /* Release */,
			);
			defaultConfigurationIsVisible = 0;
			defaultConfigurationName = Release;
		};
/* End XCConfigurationList section */
	};
	rootObject = C7588EEB27A2F36D000447DE /* Project object */;
}
